
Microsoft Visual Studio Solution File, Format Version 12.00
# Visual Studio Version 16
VisualStudioVersion = 16.0.30413.136
MinimumVisualStudioVersion = 10.0.40219.1
Project("{888888A0-9F3D-457C-B088-3A5042F75D52}") = "Password Locker", "Password Locker\Password Locker.pyproj", "{E363AD71-EDA7-456E-ABD3-28F363F308E0}"
EndProject
Global
	GlobalSection(SolutionConfigurationPlatforms) = preSolution
		Debug|Any CPU = Debug|Any CPU
		Release|Any CPU = Release|Any CPU
	EndGlobalSection
	GlobalSection(ProjectConfigurationPlatforms) = postSolution
		{E363AD71-EDA7-456E-ABD3-28F363F308E0}.Debug|Any CPU.ActiveCfg = Debug|Any CPU
		{E363AD71-EDA7-456E-ABD3-28F363F308E0}.Release|Any CPU.ActiveCfg = Release|Any CPU
	EndGlobalSection
	GlobalSection(SolutionProperties) = preSolution
		HideSolutionNode = FALSE
	EndGlobalSection
	GlobalSection(ExtensibilityGlobals) = postSolution
		SolutionGuid = {681709A0-CCF9-4825-A9C4-D3926A5472DD}
	EndGlobalSection
EndGlobal
